
Microsoft Visual Studio Solution File, Format Version 12.00
# Visual Studio 15
VisualStudioVersion = 15.0.26124.0
MinimumVisualStudioVersion = 15.0.26124.0
Project("{2150E333-8FDC-42A3-9474-1A3956D46DE8}") = "src", "src", "{E3827B1A-97DB-4673-90BB-4740E6793F86}"
EndProject
Project("{FAE04EC0-301F-11D3-BF4B-00C04F79EFBC}") = "BuildTrigger", "src\BuildTrigger\BuildTrigger.csproj", "{FC8063A7-CE54-44E4-8FA8-02F641614DAE}"
EndProject
Project("{FAE04EC0-301F-11D3-BF4B-00C04F79EFBC}") = "BuildTrigger.VSTS", "src\BuildTrigger.VSTS\BuildTrigger.VSTS.csproj", "{85AA7965-2E9B-47B2-80CE-716DD526741E}"
EndProject
Project("{FAE04EC0-301F-11D3-BF4B-00C04F79EFBC}") = "BuildTrigger.Web", "src\BuildTrigger.Web\BuildTrigger.Web.csproj", "{07775CE7-3D3B-4A40-B11F-301F664E3131}"
EndProject
Global
	GlobalSection(SolutionConfigurationPlatforms) = preSolution
		Debug|Any CPU = Debug|Any CPU
		Debug|x64 = Debug|x64
		Debug|x86 = Debug|x86
		Release|Any CPU = Release|Any CPU
		Release|x64 = Release|x64
		Release|x86 = Release|x86
	EndGlobalSection
	GlobalSection(SolutionProperties) = preSolution
		HideSolutionNode = FALSE
	EndGlobalSection
	GlobalSection(ProjectConfigurationPlatforms) = postSolution
		{FC8063A7-CE54-44E4-8FA8-02F641614DAE}.Debug|Any CPU.ActiveCfg = Debug|Any CPU
		{FC8063A7-CE54-44E4-8FA8-02F641614DAE}.Debug|Any CPU.Build.0 = Debug|Any CPU
		{FC8063A7-CE54-44E4-8FA8-02F641614DAE}.Debug|x64.ActiveCfg = Debug|x64
		{FC8063A7-CE54-44E4-8FA8-02F641614DAE}.Debug|x64.Build.0 = Debug|x64
		{FC8063A7-CE54-44E4-8FA8-02F641614DAE}.Debug|x86.ActiveCfg = Debug|x86
		{FC8063A7-CE54-44E4-8FA8-02F641614DAE}.Debug|x86.Build.0 = Debug|x86
		{FC8063A7-CE54-44E4-8FA8-02F641614DAE}.Release|Any CPU.ActiveCfg = Release|Any CPU
		{FC8063A7-CE54-44E4-8FA8-02F641614DAE}.Release|Any CPU.Build.0 = Release|Any CPU
		{FC8063A7-CE54-44E4-8FA8-02F641614DAE}.Release|x64.ActiveCfg = Release|x64
		{FC8063A7-CE54-44E4-8FA8-02F641614DAE}.Release|x64.Build.0 = Release|x64
		{FC8063A7-CE54-44E4-8FA8-02F641614DAE}.Release|x86.ActiveCfg = Release|x86
		{FC8063A7-CE54-44E4-8FA8-02F641614DAE}.Release|x86.Build.0 = Release|x86
		{85AA7965-2E9B-47B2-80CE-716DD526741E}.Debug|Any CPU.ActiveCfg = Debug|Any CPU
		{85AA7965-2E9B-47B2-80CE-716DD526741E}.Debug|Any CPU.Build.0 = Debug|Any CPU
		{85AA7965-2E9B-47B2-80CE-716DD526741E}.Debug|x64.ActiveCfg = Debug|x64
		{85AA7965-2E9B-47B2-80CE-716DD526741E}.Debug|x64.Build.0 = Debug|x64
		{85AA7965-2E9B-47B2-80CE-716DD526741E}.Debug|x86.ActiveCfg = Debug|x86
		{85AA7965-2E9B-47B2-80CE-716DD526741E}.Debug|x86.Build.0 = Debug|x86
		{85AA7965-2E9B-47B2-80CE-716DD526741E}.Release|Any CPU.ActiveCfg = Release|Any CPU
		{85AA7965-2E9B-47B2-80CE-716DD526741E}.Release|Any CPU.Build.0 = Release|Any CPU
		{85AA7965-2E9B-47B2-80CE-716DD526741E}.Release|x64.ActiveCfg = Release|x64
		{85AA7965-2E9B-47B2-80CE-716DD526741E}.Release|x64.Build.0 = Release|x64
		{85AA7965-2E9B-47B2-80CE-716DD526741E}.Release|x86.ActiveCfg = Release|x86
		{85AA7965-2E9B-47B2-80CE-716DD526741E}.Release|x86.Build.0 = Release|x86
		{07775CE7-3D3B-4A40-B11F-301F664E3131}.Debug|Any CPU.ActiveCfg = Debug|Any CPU
		{07775CE7-3D3B-4A40-B11F-301F664E3131}.Debug|Any CPU.Build.0 = Debug|Any CPU
		{07775CE7-3D3B-4A40-B11F-301F664E3131}.Debug|x64.ActiveCfg = Debug|x64
		{07775CE7-3D3B-4A40-B11F-301F664E3131}.Debug|x64.Build.0 = Debug|x64
		{07775CE7-3D3B-4A40-B11F-301F664E3131}.Debug|x86.ActiveCfg = Debug|x86
		{07775CE7-3D3B-4A40-B11F-301F664E3131}.Debug|x86.Build.0 = Debug|x86
		{07775CE7-3D3B-4A40-B11F-301F664E3131}.Release|Any CPU.ActiveCfg = Release|Any CPU
		{07775CE7-3D3B-4A40-B11F-301F664E3131}.Release|Any CPU.Build.0 = Release|Any CPU
		{07775CE7-3D3B-4A40-B11F-301F664E3131}.Release|x64.ActiveCfg = Release|x64
		{07775CE7-3D3B-4A40-B11F-301F664E3131}.Release|x64.Build.0 = Release|x64
		{07775CE7-3D3B-4A40-B11F-301F664E3131}.Release|x86.ActiveCfg = Release|x86
		{07775CE7-3D3B-4A40-B11F-301F664E3131}.Release|x86.Build.0 = Release|x86
	EndGlobalSection
	GlobalSection(NestedProjects) = preSolution
		{FC8063A7-CE54-44E4-8FA8-02F641614DAE} = {E3827B1A-97DB-4673-90BB-4740E6793F86}
		{85AA7965-2E9B-47B2-80CE-716DD526741E} = {E3827B1A-97DB-4673-90BB-4740E6793F86}
		{07775CE7-3D3B-4A40-B11F-301F664E3131} = {E3827B1A-97DB-4673-90BB-4740E6793F86}
	EndGlobalSection
EndGlobal
